// !$*UTF8*$!
{
	archiveVersion = 1;
	classes = {
	};
	objectVersion = 56;
	objects = {

/* Begin PBXBuildFile section */
		68C11F2E290FC524009B8FAB /* AppDelegate.swift in Sources */ = {isa = PBXBuildFile; fileRef = 68C11F2D290FC524009B8FAB /* AppDelegate.swift */; };
		68C11F30290FC524009B8FAB /* SceneDelegate.swift in Sources */ = {isa = PBXBuildFile; fileRef = 68C11F2F290FC524009B8FAB /* SceneDelegate.swift */; };
		68C11F32290FC524009B8FAB /* ViewController.swift in Sources */ = {isa = PBXBuildFile; fileRef = 68C11F31290FC524009B8FAB /* ViewController.swift */; };
		68C11F35290FC524009B8FAB /* Main.storyboard in Resources */ = {isa = PBXBuildFile; fileRef = 68C11F33290FC524009B8FAB /* Main.storyboard */; };
		68C11F37290FC525009B8FAB /* Assets.xcassets in Resources */ = {isa = PBXBuildFile; fileRef = 68C11F36290FC525009B8FAB /* Assets.xcassets */; };
		68C11F3A290FC525009B8FAB /* LaunchScreen.storyboard in Resources */ = {isa = PBXBuildFile; fileRef = 68C11F38290FC525009B8FAB /* LaunchScreen.storyboard */; };
		68C11F43290FC63F009B8FAB /* StudentTableViewCell.swift in Sources */ = {isa = PBXBuildFile; fileRef = 68C11F41290FC63F009B8FAB /* StudentTableViewCell.swift */; };
		68C11F44290FC63F009B8FAB /* StudentTableViewCell.xib in Resources */ = {isa = PBXBuildFile; fileRef = 68C11F42290FC63F009B8FAB /* StudentTableViewCell.xib */; };
/* End PBXBuildFile section */

/* Begin PBXFileReference section */
		68C11F2A290FC524009B8FAB /* CreatingTableViewCellUsingXib.app */ = {isa = PBXFileReference; explicitFileType = wrapper.application; includeInIndex = 0; path = CreatingTableViewCellUsingXib.app; sourceTree = BUILT_PRODUCTS_DIR; };
		68C11F2D290FC524009B8FAB /* AppDelegate.swift */ = {isa = PBXFileReference; lastKnownFileType = sourcecode.swift; path = AppDelegate.swift; sourceTree = "<group>"; };
		68C11F2F290FC524009B8FAB /* SceneDelegate.swift */ = {isa = PBXFileReference; lastKnownFileType = sourcecode.swift; path = SceneDelegate.swift; sourceTree = "<group>"; };
		68C11F31290FC524009B8FAB /* ViewController.swift */ = {isa = PBXFileReference; lastKnownFileType = sourcecode.swift; path = ViewController.swift; sourceTree = "<group>"; };
		68C11F34290FC524009B8FAB /* Base */ = {isa = PBXFileReference; lastKnownFileType = file.storyboard; name = Base; path = Base.lproj/Main.storyboard; sourceTree = "<group>"; };
		68C11F36290FC525009B8FAB /* Assets.xcassets */ = {isa = PBXFileReference; lastKnownFileType = folder.assetcatalog; path = Assets.xcassets; sourceTree = "<group>"; };
		68C11F39290FC525009B8FAB /* Base */ = {isa = PBXFileReference; lastKnownFileType = file.storyboard; name = Base; path = Base.lproj/LaunchScreen.storyboard; sourceTree = "<group>"; };
		68C11F3B290FC525009B8FAB /* Info.plist */ = {isa = PBXFileReference; lastKnownFileType = text.plist.xml; path = Info.plist; sourceTree = "<group>"; };
		68C11F41290FC63F009B8FAB /* StudentTableViewCell.swift */ = {isa = PBXFileReference; lastKnownFileType = sourcecode.swift; path = StudentTableViewCell.swift; sourceTree = "<group>"; };
		68C11F42290FC63F009B8FAB /* StudentTableViewCell.xib */ = {isa = PBXFileReference; lastKnownFileType = file.xib; path = StudentTableViewCell.xib; sourceTree = "<group>"; };
/* End PBXFileReference section */

/* Begin PBXFrameworksBuildPhase section */
		68C11F27290FC524009B8FAB /* Frameworks */ = {
			isa = PBXFrameworksBuildPhase;
			buildActionMask = 2147483647;
			files = (
			);
			runOnlyForDeploymentPostprocessing = 0;
		};
/* End PBXFrameworksBuildPhase section */

/* Begin PBXGroup section */
		68C11F21290FC524009B8FAB = {
			isa = PBXGroup;
			children = (
				68C11F2C290FC524009B8FAB /* CreatingTableViewCellUsingXib */,
				68C11F2B290FC524009B8FAB /* Products */,
			);
			sourceTree = "<group>";
		};
		68C11F2B290FC524009B8FAB /* Products */ = {
			isa = PBXGroup;
			children = (
				68C11F2A290FC524009B8FAB /* CreatingTableViewCellUsingXib.app */,
			);
			name = Products;
			sourceTree = "<group>";
		};
		68C11F2C290FC524009B8FAB /* CreatingTableViewCellUsingXib */ = {
			isa = PBXGroup;
			children = (
				68C11F2D290FC524009B8FAB /* AppDelegate.swift */,
				68C11F2F290FC524009B8FAB /* SceneDelegate.swift */,
				68C11F31290FC524009B8FAB /* ViewController.swift */,
				68C11F33290FC524009B8FAB /* Main.storyboard */,
				68C11F36290FC525009B8FAB /* Assets.xcassets */,
				68C11F38290FC525009B8FAB /* LaunchScreen.storyboard */,
				68C11F3B290FC525009B8FAB /* Info.plist */,
				68C11F41290FC63F009B8FAB /* StudentTableViewCell.swift */,
				68C11F42290FC63F009B8FAB /* StudentTableViewCell.xib */,
			);
			path = CreatingTableViewCellUsingXib;
			sourceTree = "<group>";
		};
/* End PBXGroup section */

/* Begin PBXNativeTarget section */
		68C11F29290FC524009B8FAB /* CreatingTableViewCellUsingXib */ = {
			isa = PBXNativeTarget;
			buildConfigurationList = 68C11F3E290FC525009B8FAB /* Build configuration list for PBXNativeTarget "CreatingTableViewCellUsingXib" */;
			buildPhases = (
				68C11F26290FC524009B8FAB /* Sources */,
				68C11F27290FC524009B8FAB /* Frameworks */,
				68C11F28290FC524009B8FAB /* Resources */,
			);
			buildRules = (
			);
			dependencies = (
			);
			name = CreatingTableViewCellUsingXib;
			productName = CreatingTableViewCellUsingXib;
			productReference = 68C11F2A290FC524009B8FAB /* CreatingTableViewCellUsingXib.app */;
			productType = "com.apple.product-type.application";
		};
/* End PBXNativeTarget section */

/* Begin PBXProject section */
		68C11F22290FC524009B8FAB /* Project object */ = {
			isa = PBXProject;
			attributes = {
				BuildIndependentTargetsInParallel = 1;
				LastSwiftUpdateCheck = 1400;
				LastUpgradeCheck = 1400;
				TargetAttributes = {
					68C11F29290FC524009B8FAB = {
						CreatedOnToolsVersion = 14.0;
					};
				};
			};
			buildConfigurationList = 68C11F25290FC524009B8FAB /* Build configuration list for PBXProject "CreatingTableViewCellUsingXib" */;
			compatibilityVersion = "Xcode 14.0";
			developmentRegion = en;
			hasScannedForEncodings = 0;
			knownRegions = (
				en,
				Base,
			);
			mainGroup = 68C11F21290FC524009B8FAB;
			productRefGroup = 68C11F2B290FC524009B8FAB /* Products */;
			projectDirPath = "";
			projectRoot = "";
			targets = (
				68C11F29290FC524009B8FAB /* CreatingTableViewCellUsingXib */,
			);
		};
/* End PBXProject section */

/* Begin PBXResourcesBuildPhase section */
		68C11F28290FC524009B8FAB /* Resources */ = {
			isa = PBXResourcesBuildPhase;
			buildActionMask = 2147483647;
			files = (
				68C11F3A290FC525009B8FAB /* LaunchScreen.storyboard in Resources */,
				68C11F37290FC525009B8FAB /* Assets.xcassets in Resources */,
				68C11F35290FC524009B8FAB /* Main.storyboard in Resources */,
				68C11F44290FC63F009B8FAB /* StudentTableViewCell.xib in Resources */,
			);
			runOnlyForDeploymentPostprocessing = 0;
		};
/* End PBXResourcesBuildPhase section */

/* Begin PBXSourcesBuildPhase section */
		68C11F26290FC524009B8FAB /* Sources */ = {
			isa = PBXSourcesBuildPhase;
			buildActionMask = 2147483647;
			files = (
				68C11F32290FC524009B8FAB /* ViewController.swift in Sources */,
				68C11F2E290FC524009B8FAB /* AppDelegate.swift in Sources */,
				68C11F30290FC524009B8FAB /* SceneDelegate.swift in Sources */,
				68C11F43290FC63F009B8FAB /* StudentTableViewCell.swift in Sources */,
			);
			runOnlyForDeploymentPostprocessing = 0;
		};
/* End PBXSourcesBuildPhase section */

/* Begin PBXVariantGroup section */
		68C11F33290FC524009B8FAB /* Main.storyboard */ = {
			isa = PBXVariantGroup;
			children = (
				68C11F34290FC524009B8FAB /* Base */,
			);
			name = Main.storyboard;
			sourceTree = "<group>";
		};
		68C11F38290FC525009B8FAB /* LaunchScreen.storyboard */ = {
			isa = PBXVariantGroup;
			children = (
				68C11F39290FC525009B8FAB /* Base */,
			);
			name = LaunchScreen.storyboard;
			sourceTree = "<group>";
		};
/* End PBXVariantGroup section */

/* Begin XCBuildConfiguration section */
		68C11F3C290FC525009B8FAB /* Debug */ = {
			isa = XCBuildConfiguration;
			buildSettings = {
				ALWAYS_SEARCH_USER_PATHS = NO;
				CLANG_ANALYZER_NONNULL = YES;
				CLANG_ANALYZER_NUMBER_OBJECT_CONVERSION = YES_AGGRESSIVE;
				CLANG_CXX_LANGUAGE_STANDARD = "gnu++20";
				CLANG_ENABLE_MODULES = YES;
				CLANG_ENABLE_OBJC_ARC = YES;
				CLANG_ENABLE_OBJC_WEAK = YES;
				CLANG_WARN_BLOCK_CAPTURE_AUTORELEASING = YES;
				CLANG_WARN_BOOL_CONVERSION = YES;
				CLANG_WARN_COMMA = YES;
				CLANG_WARN_CONSTANT_CONVERSION = YES;
				CLANG_WARN_DEPRECATED_OBJC_IMPLEMENTATIONS = YES;
				CLANG_WARN_DIRECT_OBJC_ISA_USAGE = YES_ERROR;
				CLANG_WARN_DOCUMENTATION_COMMENTS = YES;
				CLANG_WARN_EMPTY_BODY = YES;
				CLANG_WARN_ENUM_CONVERSION = YES;
				CLANG_WARN_INFINITE_RECURSION = YES;
				CLANG_WARN_INT_CONVERSION = YES;
				CLANG_WARN_NON_LITERAL_NULL_CONVERSION = YES;
				CLANG_WARN_OBJC_IMPLICIT_RETAIN_SELF = YES;
				CLANG_WARN_OBJC_LITERAL_CONVERSION = YES;
				CLANG_WARN_OBJC_ROOT_CLASS = YES_ERROR;
				CLANG_WARN_QUOTED_INCLUDE_IN_FRAMEWORK_HEADER = YES;
				CLANG_WARN_RANGE_LOOP_ANALYSIS = YES;
				CLANG_WARN_STRICT_PROTOTYPES = YES;
				CLANG_WARN_SUSPICIOUS_MOVE = YES;
				CLANG_WARN_UNGUARDED_AVAILABILITY = YES_AGGRESSIVE;
				CLANG_WARN_UNREACHABLE_CODE = YES;
				CLANG_WARN__DUPLICATE_METHOD_MATCH = YES;
				COPY_PHASE_STRIP = NO;
				DEBUG_INFORMATION_FORMAT = dwarf;
				ENABLE_STRICT_OBJC_MSGSEND = YES;
				ENABLE_TESTABILITY = YES;
				GCC_C_LANGUAGE_STANDARD = gnu11;
				GCC_DYNAMIC_NO_PIC = NO;
				GCC_NO_COMMON_BLOCKS = YES;
				GCC_OPTIMIZATION_LEVEL = 0;
				GCC_PREPROCESSOR_DEFINITIONS = (
					"DEBUG=1",
					"$(inherited)",
				);
				GCC_WARN_64_TO_32_BIT_CONVERSION = YES;
				GCC_WARN_ABOUT_RETURN_TYPE = YES_ERROR;
				GCC_WARN_UNDECLARED_SELECTOR = YES;
				GCC_WARN_UNINITIALIZED_AUTOS = YES_AGGRESSIVE;
				GCC_WARN_UNUSED_FUNCTION = YES;
				GCC_WARN_UNUSED_VARIABLE = YES;
				IPHONEOS_DEPLOYMENT_TARGET = 16.0;
				MTL_ENABLE_DEBUG_INFO = INCLUDE_SOURCE;
				MTL_FAST_MATH = YES;
				ONLY_ACTIVE_ARCH = YES;
				SDKROOT = iphoneos;
				SWIFT_ACTIVE_COMPILATION_CONDITIONS = DEBUG;
				SWIFT_OPTIMIZATION_LEVEL = "-Onone";
			};
			name = Debug;
		};
		68C11F3D290FC525009B8FAB /* Release */ = {
			isa = XCBuildConfiguration;
			buildSettings = {
				ALWAYS_SEARCH_USER_PATHS = NO;
				CLANG_ANALYZER_NONNULL = YES;
				CLANG_ANALYZER_NUMBER_OBJECT_CONVERSION = YES_AGGRESSIVE;
				CLANG_CXX_LANGUAGE_STANDARD = "gnu++20";
				CLANG_ENABLE_MODULES = YES;
				CLANG_ENABLE_OBJC_ARC = YES;
				CLANG_ENABLE_OBJC_WEAK = YES;
				CLANG_WARN_BLOCK_CAPTURE_AUTORELEASING = YES;
				CLANG_WARN_BOOL_CONVERSION = YES;
				CLANG_WARN_COMMA = YES;
				CLANG_WARN_CONSTANT_CONVERSION = YES;
				CLANG_WARN_DEPRECATED_OBJC_IMPLEMENTATIONS = YES;
				CLANG_WARN_DIRECT_OBJC_ISA_USAGE = YES_ERROR;
				CLANG_WARN_DOCUMENTATION_COMMENTS = YES;
				CLANG_WARN_EMPTY_BODY = YES;
				CLANG_WARN_ENUM_CONVERSION = YES;
				CLANG_WARN_INFINITE_RECURSION = YES;
				CLANG_WARN_INT_CONVERSION = YES;
				CLANG_WARN_NON_LITERAL_NULL_CONVERSION = YES;
				CLANG_WARN_OBJC_IMPLICIT_RETAIN_SELF = YES;
				CLANG_WARN_OBJC_LITERAL_CONVERSION = YES;
				CLANG_WARN_OBJC_ROOT_CLASS = YES_ERROR;
				CLANG_WARN_QUOTED_INCLUDE_IN_FRAMEWORK_HEADER = YES;
				CLANG_WARN_RANGE_LOOP_ANALYSIS = YES;
				CLANG_WARN_STRICT_PROTOTYPES = YES;
				CLANG_WARN_SUSPICIOUS_MOVE = YES;
				CLANG_WARN_UNGUARDED_AVAILABILITY = YES_AGGRESSIVE;
				CLANG_WARN_UNREACHABLE_CODE = YES;
				CLANG_WARN__DUPLICATE_METHOD_MATCH = YES;
				COPY_PHASE_STRIP = NO;
				DEBUG_INFORMATION_FORMAT = "dwarf-with-dsym";
				ENABLE_NS_ASSERTIONS = NO;
				ENABLE_STRICT_OBJC_MSGSEND = YES;
				GCC_C_LANGUAGE_STANDARD = gnu11;
				GCC_NO_COMMON_BLOCKS = YES;
				GCC_WARN_64_TO_32_BIT_CONVERSION = YES;
				GCC_WARN_ABOUT_RETURN_TYPE = YES_ERROR;
				GCC_WARN_UNDECLARED_SELECTOR = YES;
				GCC_WARN_UNINITIALIZED_AUTOS = YES_AGGRESSIVE;
				GCC_WARN_UNUSED_FUNCTION = YES;
				GCC_WARN_UNUSED_VARIABLE = YES;
				IPHONEOS_DEPLOYMENT_TARGET = 16.0;
				MTL_ENABLE_DEBUG_INFO = NO;
				MTL_FAST_MATH = YES;
				SDKROOT = iphoneos;
				SWIFT_COMPILATION_MODE = wholemodule;
				SWIFT_OPTIMIZATION_LEVEL = "-O";
				VALIDATE_PRODUCT = YES;
			};
			name = Release;
		};
		68C11F3F290FC525009B8FAB /* Debug */ = {
			isa = XCBuildConfiguration;
			buildSettings = {
				ASSETCATALOG_COMPILER_APPICON_NAME = AppIcon;
				ASSETCATALOG_COMPILER_GLOBAL_ACCENT_COLOR_NAME = AccentColor;
				CODE_SIGN_STYLE = Automatic;
				CURRENT_PROJECT_VERSION = 1;
				DEVELOPMENT_TEAM = V8WE74Y3MG;
				GENERATE_INFOPLIST_FILE = YES;
				INFOPLIST_FILE = CreatingTableViewCellUsingXib/Info.plist;
				INFOPLIST_KEY_UIApplicationSupportsIndirectInputEvents = YES;
				INFOPLIST_KEY_UILaunchStoryboardName = LaunchScreen;
				INFOPLIST_KEY_UIMainStoryboardFile = Main;
				INFOPLIST_KEY_UISupportedInterfaceOrientations_iPad = "UIInterfaceOrientationPortrait UIInterfaceOrientationPortraitUpsideDown UIInterfaceOrientationLandscapeLeft UIInterfaceOrientationLandscapeRight";
				INFOPLIST_KEY_UISupportedInterfaceOrientations_iPhone = "UIInterfaceOrientationPortrait UIInterfaceOrientationLandscapeLeft UIInterfaceOrientationLandscapeRight";
				LD_RUNPATH_SEARCH_PATHS = (
					"$(inherited)",
					"@executable_path/Frameworks",
				);
				MARKETING_VERSION = 1.0;
				PRODUCT_BUNDLE_IDENTIFIER = in.bitcode.CreatingTableViewCellUsingXib;
				PRODUCT_NAME = "$(TARGET_NAME)";
				SWIFT_EMIT_LOC_STRINGS = YES;
				SWIFT_VERSION = 5.0;
				TARGETED_DEVICE_FAMILY = "1,2";
			};
			name = Debug;
		};
		68C11F40290FC525009B8FAB /* Release */ = {
			isa = XCBuildConfiguration;
			buildSettings = {
				ASSETCATALOG_COMPILER_APPICON_NAME = AppIcon;
				ASSETCATALOG_COMPILER_GLOBAL_ACCENT_COLOR_NAME = AccentColor;
				CODE_SIGN_STYLE = Automatic;
				CURRENT_PROJECT_VERSION = 1;
				DEVELOPMENT_TEAM = V8WE74Y3MG;
				GENERATE_INFOPLIST_FILE = YES;
				INFOPLIST_FILE = CreatingTableViewCellUsingXib/Info.plist;
				INFOPLIST_KEY_UIApplicationSupportsIndirectInputEvents = YES;
				INFOPLIST_KEY_UILaunchStoryboardName = LaunchScreen;
				INFOPLIST_KEY_UIMainStoryboardFile = Main;
				INFOPLIST_KEY_UISupportedInterfaceOrientations_iPad = "UIInterfaceOrientationPortrait UIInterfaceOrientationPortraitUpsideDown UIInterfaceOrientationLandscapeLeft UIInterfaceOrientationLandscapeRight";
				INFOPLIST_KEY_UISupportedInterfaceOrientations_iPhone = "UIInterfaceOrientationPortrait UIInterfaceOrientationLandscapeLeft UIInterfaceOrientationLandscapeRight";
				LD_RUNPATH_SEARCH_PATHS = (
					"$(inherited)",
					"@executable_path/Frameworks",
				);
				MARKETING_VERSION = 1.0;
				PRODUCT_BUNDLE_IDENTIFIER = in.bitcode.CreatingTableViewCellUsingXib;
				PRODUCT_NAME = "$(TARGET_NAME)";
				SWIFT_EMIT_LOC_STRINGS = YES;
				SWIFT_VERSION = 5.0;
				TARGETED_DEVICE_FAMILY = "1,2";
			};
			name = Release;
		};
/* End XCBuildConfiguration section */

/* Begin XCConfigurationList section */
		68C11F25290FC524009B8FAB /* Build configuration list for PBXProject "CreatingTableViewCellUsingXib" */ = {
			isa = XCConfigurationList;
			buildConfigurations = (
				68C11F3C290FC525009B8FAB /* Debug */,
				68C11F3D290FC525009B8FAB /* Release */,
			);
			defaultConfigurationIsVisible = 0;
			defaultConfigurationName = Release;
		};
		68C11F3E290FC525009B8FAB /* Build configuration list for PBXNativeTarget "CreatingTableViewCellUsingXib" */ = {
			isa = XCConfigurationList;
			buildConfigurations = (
				68C11F3F290FC525009B8FAB /* Debug */,
				68C11F40290FC525009B8FAB /* Release */,
			);
			defaultConfigurationIsVisible = 0;
			defaultConfigurationName = Release;
		};
/* End XCConfigurationList section */
	};
	rootObject = 68C11F22290FC524009B8FAB /* Project object */;
}
